<?xml version="1.0" encoding="utf-8"?>
<Project ToolsVersion="4.0" xmlns="http://schemas.microsoft.com/developer/msbuild/2003">
  <ItemGroup>
    <Filter Include="Source Files">
      <UniqueIdentifier>{4FC737F1-C7A5-4376-A066-2A32D752A2FF}</UniqueIdentifier>
      <Extensions>cpp;c;cc;cxx;def;odl;idl;hpj;bat;asm;asmx</Extensions>
    </Filter>
    <Filter Include="Header Files">
      <UniqueIdentifier>{93995380-89BD-4b04-88EB-625FBE52EBFB}</UniqueIdentifier>
      <Extensions>h;hh;hpp;hxx;hm;inl;inc;xsd</Extensions>
    </Filter>
    <Filter Include="Meta-Source Files">
      <UniqueIdentifier>{810e6e8f-7a80-4074-ad5b-e4a2f615dcb1}</UniqueIdentifier>
    </Filter>
    <Filter Include="Source Files\operations">
      <UniqueIdentifier>{93cc23c9-8e8f-470a-9935-247200925e60}</UniqueIdentifier>
    </Filter>
    <Filter Include="Source Files\operations\normalized conversions">
      <UniqueIdentifier>{4d956a87-3436-45dc-bfe0-f819eb27e122}</UniqueIdentifier>
    </Filter>
    <Filter Include="Source Files\data structures">
      <UniqueIdentifier>{9f89191a-9ec4-4fd1-aa62-2e0f6a3b2aec}</UniqueIdentifier>
    </Filter>
    <Filter Include="Header Files\data structures">
      <UniqueIdentifier>{24dee0b2-bf48-43d8-8b10-fdb8afc87f7d}</UniqueIdentifier>
    </Filter>
    <Filter Include="Header Files\enums">
      <UniqueIdentifier>{24933a1e-1c11-4197-b592-94a5da9af7ca}</UniqueIdentifier>
    </Filter>
    <Filter Include="Header Files\operations">
      <UniqueIdentifier>{a20672a9-823c-4de3-8f32-96c9d8032015}</UniqueIdentifier>
    </Filter>
    <Filter Include="Header Files\operations\normalized conversions">
      <UniqueIdentifier>{bd6532d4-8c55-4739-8320-c9faecded4d6}</UniqueIdentifier>
    </Filter>
    <Filter Include="Header Files\operations\block/pixel access">
      <UniqueIdentifier>{d5142ade-c218-4c2f-8e98-fa26da4da9d7}</UniqueIdentifier>
    </Filter>
    <Filter Include="Header Files\operations\visitation">
      <UniqueIdentifier>{62024480-9676-43d8-abb0-60b258cc9913}</UniqueIdentifier>
    </Filter>
    <Filter Include="Header Files\operations\blitting">
      <UniqueIdentifier>{735f9633-d9e3-4e2e-9763-c2b064992440}</UniqueIdentifier>
    </Filter>
    <Filter Include="Source Files\operations\files">
      <UniqueIdentifier>{fb56c7fd-7127-44cf-ab66-8d3ce7acf82d}</UniqueIdentifier>
    </Filter>
    <Filter Include="Source Files\operations\files\betx">
      <UniqueIdentifier>{264adbb8-590a-404d-ae06-d3a7e84f9f11}</UniqueIdentifier>
    </Filter>
    <Filter Include="Header Files\operations\files">
      <UniqueIdentifier>{a828ad12-e61f-41b8-9a97-539c96d1b0d3}</UniqueIdentifier>
    </Filter>
    <Filter Include="Header Files\operations\files\bmp">
      <UniqueIdentifier>{a8be02ba-9c79-4d0e-ba5a-ed4f9b9e9e2e}</UniqueIdentifier>
    </Filter>
    <Filter Include="Header Files\operations\files\dds">
      <UniqueIdentifier>{9ed92937-0304-49f0-95de-4d10ece9af41}</UniqueIdentifier>
    </Filter>
    <Filter Include="Header Files\operations\files\hdr">
      <UniqueIdentifier>{77c82477-1fc6-4635-ae25-af2992e92eef}</UniqueIdentifier>
    </Filter>
    <Filter Include="Header Files\operations\files\jpeg">
      <UniqueIdentifier>{46cd2c4c-5734-4424-afbb-0a6642471756}</UniqueIdentifier>
    </Filter>
    <Filter Include="Header Files\operations\files\ktx">
      <UniqueIdentifier>{537281d9-558c-4623-b801-2394a2534b07}</UniqueIdentifier>
    </Filter>
    <Filter Include="Header Files\operations\files\png">
      <UniqueIdentifier>{fe721144-1144-4e44-a8af-44c12c54dbab}</UniqueIdentifier>
    </Filter>
    <Filter Include="Header Files\operations\files\pnm">
      <UniqueIdentifier>{59a4ff1c-fffb-4b89-8bd2-7d1ee869bd32}</UniqueIdentifier>
    </Filter>
    <Filter Include="Header Files\operations\files\psd">
      <UniqueIdentifier>{ffb3368d-c4b4-478e-b617-aaf57c213f5d}</UniqueIdentifier>
    </Filter>
    <Filter Include="Header Files\operations\files\tga">
      <UniqueIdentifier>{4455147a-03e9-4d63-affd-26eef6f2d28e}</UniqueIdentifier>
    </Filter>
    <Filter Include="Source Files\operations\files\bmp">
      <UniqueIdentifier>{3a3abe36-78cd-4502-87e6-e4e1c7b1954d}</UniqueIdentifier>
    </Filter>
    <Filter Include="Source Files\operations\files\dds">
      <UniqueIdentifier>{3d214e3d-552b-4980-ad74-0d8f17b44bbd}</UniqueIdentifier>
    </Filter>
    <Filter Include="Source Files\operations\files\gif">
      <UniqueIdentifier>{b4480413-84a7-4d9a-b123-db53dc05948d}</UniqueIdentifier>
    </Filter>
    <Filter Include="Source Files\operations\files\hdr">
      <UniqueIdentifier>{d3dd0b47-9209-44f9-a3b3-3b083215c333}</UniqueIdentifier>
    </Filter>
    <Filter Include="Source Files\operations\files\jpeg">
      <UniqueIdentifier>{7aa5e92c-b420-4abd-a531-85d47199b9d4}</UniqueIdentifier>
    </Filter>
    <Filter Include="Source Files\operations\files\ktx">
      <UniqueIdentifier>{fbe20c2e-f41f-4cea-9108-909e7a96c2e2}</UniqueIdentifier>
    </Filter>
    <Filter Include="Source Files\operations\files\pnm">
      <UniqueIdentifier>{7b500141-331f-4b71-805c-5149aee3256f}</UniqueIdentifier>
    </Filter>
    <Filter Include="Source Files\operations\files\png">
      <UniqueIdentifier>{e9633c94-5504-4e2c-8e30-04f8c67f9277}</UniqueIdentifier>
    </Filter>
    <Filter Include="Source Files\operations\files\tga">
      <UniqueIdentifier>{df89b4f4-43dc-4c91-98c7-ce23e751afca}</UniqueIdentifier>
    </Filter>
    <Filter Include="Source Files\operations\files\psd">
      <UniqueIdentifier>{62a8ef09-be98-4e7f-a4f0-7d6cb0049aaa}</UniqueIdentifier>
    </Filter>
    <Filter Include="Source Files\operations\files\stbi_">
      <UniqueIdentifier>{566dcbcd-c9d8-4ac3-9962-9b3deae0fed6}</UniqueIdentifier>
    </Filter>
    <Filter Include="Header Files\operations\files\gif">
      <UniqueIdentifier>{7f1bafb5-0cff-44e1-aa88-f986d96c56b8}</UniqueIdentifier>
    </Filter>
    <Filter Include="Header Files\operations\bo">
      <UniqueIdentifier>{c0b4925d-06ea-4189-a21d-4e8ce13fc9d0}</UniqueIdentifier>
    </Filter>
    <Filter Include="Source Files\operations\bo">
      <UniqueIdentifier>{61b5580f-0565-49c9-b683-9d05fe48048b}</UniqueIdentifier>
    </Filter>
    <Filter Include="Header Files\operations\files\betx">
      <UniqueIdentifier>{6d30ee91-d6da-4f9b-9a0c-2c036346bc02}</UniqueIdentifier>
    </Filter>
    <Filter Include="Source Files\enums">
      <UniqueIdentifier>{cd4a8149-2bee-491f-a544-8216cf6ce192}</UniqueIdentifier>
    </Filter>
  </ItemGroup>
  <ItemGroup>
    <ClInclude Include="src-tex\pch.hpp">
      <Filter>Source Files</Filter>
    </ClInclude>
    <ClInclude Include="include\tex\blit_blocks.hpp">
      <Filter>Header Files\operations\blitting</Filter>
    </ClInclude>
    <ClInclude Include="include\tex\blit_pixels.hpp">
      <Filter>Header Files\operations\blitting</Filter>
    </ClInclude>
    <ClInclude Include="include\tex\block_access.hpp">
      <Filter>Header Files\operations\block/pixel access</Filter>
    </ClInclude>
    <ClInclude Include="include\tex\block_packing.hpp">
      <Filter>Header Files\enums</Filter>
    </ClInclude>
    <ClInclude Include="include\tex\colorspace.hpp">
      <Filter>Header Files\enums</Filter>
    </ClInclude>
    <ClInclude Include="include\tex\convert_colorspace.hpp">
      <Filter>Header Files\operations\normalized conversions</Filter>
    </ClInclude>
    <ClInclude Include="include\tex\convert_colorspace_static.hpp">
      <Filter>Header Files\operations\normalized conversions</Filter>
    </ClInclude>
    <ClInclude Include="include\tex\converting_pixel_blitter.hpp">
      <Filter>Header Files\operations\blitting</Filter>
    </ClInclude>
    <ClInclude Include="include\tex\duplicate_image.hpp">
      <Filter>Header Files\operations</Filter>
    </ClInclude>
    <ClInclude Include="include\tex\duplicate_texture.hpp">
      <Filter>Header Files\operations</Filter>
    </ClInclude>
    <ClInclude Include="include\tex\image.hpp">
      <Filter>Header Files\data structures</Filter>
    </ClInclude>
    <ClInclude Include="include\tex\image_format.hpp">
      <Filter>Header Files\data structures</Filter>
    </ClInclude>
    <ClInclude Include="include\tex\image_format_hash.hpp">
      <Filter>Header Files\data structures</Filter>
    </ClInclude>
    <ClInclude Include="include\tex\image_region.hpp">
      <Filter>Header Files\data structures</Filter>
    </ClInclude>
    <ClInclude Include="include\tex\image_region_hash.hpp">
      <Filter>Header Files\data structures</Filter>
    </ClInclude>
    <ClInclude Include="include\tex\image_view.hpp">
      <Filter>Header Files\data structures</Filter>
    </ClInclude>
    <ClInclude Include="include\tex\image_view_hash.hpp">
      <Filter>Header Files\data structures</Filter>
    </ClInclude>
    <ClInclude Include="include\tex\make_image.hpp">
      <Filter>Header Files\operations</Filter>
    </ClInclude>
    <ClInclude Include="include\tex\make_texture.hpp">
      <Filter>Header Files\operations</Filter>
    </ClInclude>
    <ClInclude Include="include\tex\mipmapping.hpp">
      <Filter>Header Files\operations</Filter>
    </ClInclude>
    <ClInclude Include="include\tex\pixel_access.hpp">
      <Filter>Header Files\operations\block/pixel access</Filter>
    </ClInclude>
    <ClInclude Include="include\tex\pixel_access_norm.hpp">
      <Filter>Header Files\operations\block/pixel access</Filter>
    </ClInclude>
    <ClInclude Include="include\tex\texture.hpp">
      <Filter>Header Files\data structures</Filter>
    </ClInclude>
    <ClInclude Include="include\tex\texture_alignment.hpp">
      <Filter>Header Files\data structures</Filter>
    </ClInclude>
    <ClInclude Include="include\tex\texture_class.hpp">
      <Filter>Header Files\enums</Filter>
    </ClInclude>
    <ClInclude Include="include\tex\texture_storage.hpp">
      <Filter>Header Files\data structures</Filter>
    </ClInclude>
    <ClInclude Include="include\tex\texture_storage_hash.hpp">
      <Filter>Header Files\data structures</Filter>
    </ClInclude>
    <ClInclude Include="include\tex\texture_view.hpp">
      <Filter>Header Files\data structures</Filter>
    </ClInclude>
    <ClInclude Include="include\tex\texture_view_hash.hpp">
      <Filter>Header Files\data structures</Filter>
    </ClInclude>
    <ClInclude Include="include\tex\visit_image.hpp">
      <Filter>Header Files\operations\visitation</Filter>
    </ClInclude>
    <ClInclude Include="include\tex\visit_texture.hpp">
      <Filter>Header Files\operations\visitation</Filter>
    </ClInclude>
    <ClInclude Include="include\tex\premultiply_alpha_static.hpp">
      <Filter>Header Files\operations\normalized conversions</Filter>
    </ClInclude>
    <ClInclude Include="include\tex\premultiply_alpha.hpp">
      <Filter>Header Files\operations\normalized conversions</Filter>
    </ClInclude>
    <ClInclude Include="include\tex\pixel_norm_transform.hpp">
      <Filter>Header Files\operations\normalized conversions</Filter>
    </ClInclude>
    <ClInclude Include="include\tex\image_format_gl.hpp">
      <Filter>Header Files\data structures</Filter>
    </ClInclude>
    <ClInclude Include="include\tex\texture_file_format.hpp">
      <Filter>Header Files\enums</Filter>
    </ClInclude>
    <ClInclude Include="include\tex\texture_file_info.hpp">
      <Filter>Header Files\data structures</Filter>
    </ClInclude>
    <ClInclude Include="src-tex\betx_header_.hpp">
      <Filter>Source Files\operations\files\betx</Filter>
    </ClInclude>
    <ClInclude Include="src-tex\stbi_.h">
      <Filter>Source Files\operations\files\stbi_</Filter>
    </ClInclude>
    <ClInclude Include="src-tex\stbi_util_.hpp">
      <Filter>Source Files\operations\files\stbi_</Filter>
    </ClInclude>
    <ClInclude Include="src-tex\ktx_header_.hpp">
      <Filter>Source Files\operations\files\ktx</Filter>
    </ClInclude>
    <ClInclude Include="src-tex\ktx_11_.hpp">
      <Filter>Source Files\operations\files\ktx</Filter>
    </ClInclude>
    <ClInclude Include="include\tex\texture_file_error.hpp">
      <Filter>Header Files\enums</Filter>
    </ClInclude>
    <ClInclude Include="include\tex\texture_reader.hpp">
      <Filter>Header Files\operations\files</Filter>
    </ClInclude>
    <ClInclude Include="include\tex\texture_reader_base.hpp">
      <Filter>Header Files\operations\files</Filter>
    </ClInclude>
    <ClInclude Include="include\tex\default_texture_reader.hpp">
      <Filter>Header Files\operations\files</Filter>
    </ClInclude>
    <ClInclude Include="include\tex\betx_reader.hpp">
      <Filter>Header Files\operations\files\betx</Filter>
    </ClInclude>
    <ClInclude Include="include\tex\betx_payload_compression_mode.hpp">
      <Filter>Header Files\operations\files\betx</Filter>
    </ClInclude>
    <ClInclude Include="include\tex\byte_order.hpp">
      <Filter>Header Files\operations\bo</Filter>
    </ClInclude>
    <ClInclude Include="include\tex\bmp_reader.hpp">
      <Filter>Header Files\operations\files\bmp</Filter>
    </ClInclude>
    <ClInclude Include="include\tex\dds_reader.hpp">
      <Filter>Header Files\operations\files\dds</Filter>
    </ClInclude>
    <ClInclude Include="include\tex\gif_reader.hpp">
      <Filter>Header Files\operations\files\gif</Filter>
    </ClInclude>
    <ClInclude Include="include\tex\hdr_reader.hpp">
      <Filter>Header Files\operations\files\hdr</Filter>
    </ClInclude>
    <ClInclude Include="include\tex\jpeg_reader.hpp">
      <Filter>Header Files\operations\files\jpeg</Filter>
    </ClInclude>
    <ClInclude Include="include\tex\ktx_reader.hpp">
      <Filter>Header Files\operations\files\ktx</Filter>
    </ClInclude>
    <ClInclude Include="include\tex\png_reader.hpp">
      <Filter>Header Files\operations\files\png</Filter>
    </ClInclude>
    <ClInclude Include="include\tex\pnm_reader.hpp">
      <Filter>Header Files\operations\files\pnm</Filter>
    </ClInclude>
    <ClInclude Include="include\tex\psd_reader.hpp">
      <Filter>Header Files\operations\files\psd</Filter>
    </ClInclude>
    <ClInclude Include="include\tex\tga_reader.hpp">
      <Filter>Header Files\operations\files\tga</Filter>
    </ClInclude>
    <ClInclude Include="include\tex\betx_writer.hpp">
      <Filter>Header Files\operations\files\betx</Filter>
    </ClInclude>
    <ClInclude Include="include\tex\log_texture_info.hpp">
      <Filter>Header Files\operations</Filter>
    </ClInclude>
    <ClInclude Include="include\tex\dimension_tag.hpp">
      <Filter>Header Files</Filter>
    </ClInclude>
    <ClInclude Include="include\tex\coords.hpp">
      <Filter>Header Files\operations\block/pixel access</Filter>
    </ClInclude>
    <ClInclude Include="include\tex\convert_colorspace_srgb.hpp">
      <Filter>Header Files\operations\normalized conversions</Filter>
    </ClInclude>
    <ClInclude Include="include\tex\field_type.hpp">
      <Filter>Header Files\enums</Filter>
    </ClInclude>
    <ClInclude Include="include\tex\swizzle.hpp">
      <Filter>Header Files\enums</Filter>
    </ClInclude>
    <ClInclude Include="include\tex\betx_read_error.hpp">
      <Filter>Header Files\operations\files\betx</Filter>
    </ClInclude>
    <ClInclude Include="include\tex\betx_write_error.hpp">
      <Filter>Header Files\operations\files\betx</Filter>
    </ClInclude>
  </ItemGroup>
  <ItemGroup>
    <ClCompile Include="src-tex\pch.cpp">
      <Filter>Source Files</Filter>
    </ClCompile>
    <ClCompile Include="src-tex\block_packing.cpp">
      <Filter>Source Files\enums</Filter>
    </ClCompile>
    <ClCompile Include="src-tex\colorspace.cpp">
      <Filter>Source Files\enums</Filter>
    </ClCompile>
    <ClCompile Include="src-tex\convert_colorspace.cpp">
      <Filter>Source Files\operations\normalized conversions</Filter>
    </ClCompile>
    <ClCompile Include="src-tex\image_format.cpp">
      <Filter>Source Files\data structures</Filter>
    </ClCompile>
    <ClCompile Include="src-tex\image_region.cpp">
      <Filter>Source Files\data structures</Filter>
    </ClCompile>
    <ClCompile Include="src-tex\image_view.cpp">
      <Filter>Source Files\data structures</Filter>
    </ClCompile>
    <ClCompile Include="src-tex\make_texture.cpp">
      <Filter>Source Files\operations</Filter>
    </ClCompile>
    <ClCompile Include="src-tex\mipmapping.cpp">
      <Filter>Source Files\operations</Filter>
    </ClCompile>
    <ClCompile Include="src-tex\premultiply_alpha.cpp">
      <Filter>Source Files\operations\normalized conversions</Filter>
    </ClCompile>
    <ClCompile Include="src-tex\texture_view.cpp">
      <Filter>Source Files\data structures</Filter>
    </ClCompile>
    <ClCompile Include="src-tex\texture_storage.cpp">
      <Filter>Source Files\data structures</Filter>
    </ClCompile>
    <ClCompile Include="src-tex\texture_class.cpp">
      <Filter>Source Files\enums</Filter>
    </ClCompile>
    <ClCompile Include="src-tex\image_format_gl.cpp">
      <Filter>Source Files\data structures</Filter>
    </ClCompile>
    <ClCompile Include="src-tex\texture_file_format.cpp">
      <Filter>Source Files\enums</Filter>
    </ClCompile>
    <ClCompile Include="src-tex\texture_alignment.cpp">
      <Filter>Source Files\data structures</Filter>
    </ClCompile>
    <ClCompile Include="src-tex\stbi_.c">
      <Filter>Source Files\operations\files\stbi_</Filter>
    </ClCompile>
    <ClCompile Include="src-tex\stbi_util_.cpp">
      <Filter>Source Files\operations\files\stbi_</Filter>
    </ClCompile>
    <ClCompile Include="src-tex\texture_file_error.cpp">
      <Filter>Source Files\enums</Filter>
    </ClCompile>
    <ClCompile Include="src-tex\texture_reader_base.cpp">
      <Filter>Source Files\operations\files</Filter>
    </ClCompile>
    <ClCompile Include="src-tex\texture_reader.cpp">
      <Filter>Source Files\operations\files</Filter>
    </ClCompile>
    <ClCompile Include="src-tex\default_texture_reader.cpp">
      <Filter>Source Files\operations\files</Filter>
    </ClCompile>
    <ClCompile Include="src-tex\betx_reader.cpp">
      <Filter>Source Files\operations\files\betx</Filter>
    </ClCompile>
    <ClCompile Include="src-tex\betx_v1_.cpp">
      <Filter>Source Files\operations\files\betx</Filter>
    </ClCompile>
    <ClCompile Include="src-tex\betx_payload_compression_mode.cpp">
      <Filter>Source Files\operations\files\betx</Filter>
    </ClCompile>
    <ClCompile Include="src-tex\byte_order.cpp">
      <Filter>Source Files\operations\bo</Filter>
    </ClCompile>
    <ClCompile Include="src-tex\bmp_reader.cpp">
      <Filter>Source Files\operations\files\bmp</Filter>
    </ClCompile>
    <ClCompile Include="src-tex\dds_reader.cpp">
      <Filter>Source Files\operations\files\dds</Filter>
    </ClCompile>
    <ClCompile Include="src-tex\gif_reader.cpp">
      <Filter>Source Files\operations\files\gif</Filter>
    </ClCompile>
    <ClCompile Include="src-tex\hdr_reader.cpp">
      <Filter>Source Files\operations\files\hdr</Filter>
    </ClCompile>
    <ClCompile Include="src-tex\jpeg_reader.cpp">
      <Filter>Source Files\operations\files\jpeg</Filter>
    </ClCompile>
    <ClCompile Include="src-tex\ktx_reader.cpp">
      <Filter>Source Files\operations\files\ktx</Filter>
    </ClCompile>
    <ClCompile Include="src-tex\png_reader.cpp">
      <Filter>Source Files\operations\files\png</Filter>
    </ClCompile>
    <ClCompile Include="src-tex\pnm_reader.cpp">
      <Filter>Source Files\operations\files\pnm</Filter>
    </ClCompile>
    <ClCompile Include="src-tex\psd_reader.cpp">
      <Filter>Source Files\operations\files\psd</Filter>
    </ClCompile>
    <ClCompile Include="src-tex\tga_reader.cpp">
      <Filter>Source Files\operations\files\tga</Filter>
    </ClCompile>
    <ClCompile Include="src-tex\betx_writer.cpp">
      <Filter>Source Files\operations\files\betx</Filter>
    </ClCompile>
    <ClCompile Include="src-tex\log_texture_info.cpp">
      <Filter>Source Files\operations</Filter>
    </ClCompile>
    <ClCompile Include="src-tex\field_type.cpp">
      <Filter>Source Files\enums</Filter>
    </ClCompile>
    <ClCompile Include="src-tex\swizzle.cpp">
      <Filter>Source Files\enums</Filter>
    </ClCompile>
    <ClCompile Include="src-tex\betx_read_error.cpp">
      <Filter>Source Files\operations\files\betx</Filter>
    </ClCompile>
    <ClCompile Include="src-tex\betx_write_error.cpp">
      <Filter>Source Files\operations\files\betx</Filter>
    </ClCompile>
  </ItemGroup>
  <ItemGroup>
    <None Include="meta\tex\block_packing.lua">
      <Filter>Meta-Source Files</Filter>
    </None>
    <None Include="meta\tex\block_packing.tsv">
      <Filter>Meta-Source Files</Filter>
    </None>
    <None Include="meta\tex\block_packing_info.blt">
      <Filter>Meta-Source Files</Filter>
    </None>
    <None Include="meta\tex\colorspace.lua">
      <Filter>Meta-Source Files</Filter>
    </None>
    <None Include="meta\tex\colorspace.tsv">
      <Filter>Meta-Source Files</Filter>
    </None>
    <None Include="meta\tex\colorspace_family.tsv">
      <Filter>Meta-Source Files</Filter>
    </None>
    <None Include="meta\tex\colorspace_family_info.blt">
      <Filter>Meta-Source Files</Filter>
    </None>
    <None Include="meta\tex\colorspace_info.blt">
      <Filter>Meta-Source Files</Filter>
    </None>
    <None Include="meta\tex\component_type.lua">
      <Filter>Meta-Source Files</Filter>
    </None>
    <None Include="meta\tex\swizzle.lua">
      <Filter>Meta-Source Files</Filter>
    </None>
    <None Include="meta\tex\texture_class.lua">
      <Filter>Meta-Source Files</Filter>
    </None>
    <None Include="meta\tex\texture_class.tsv">
      <Filter>Meta-Source Files</Filter>
    </None>
    <None Include="include\tex\blit_blocks.inl">
      <Filter>Header Files\operations\blitting</Filter>
    </None>
    <None Include="include\tex\blit_pixels.inl">
      <Filter>Header Files\operations\blitting</Filter>
    </None>
    <None Include="include\tex\block_access.inl">
      <Filter>Header Files\operations\block/pixel access</Filter>
    </None>
    <None Include="include\tex\convert_colorspace_static.inl">
      <Filter>Header Files\operations\normalized conversions</Filter>
    </None>
    <None Include="include\tex\converting_pixel_blitter.inl">
      <Filter>Header Files\operations\blitting</Filter>
    </None>
    <None Include="include\tex\image_region.inl">
      <Filter>Header Files\data structures</Filter>
    </None>
    <None Include="include\tex\make_image.inl">
      <Filter>Header Files\operations</Filter>
    </None>
    <None Include="include\tex\pixel_access.inl">
      <Filter>Header Files\operations\block/pixel access</Filter>
    </None>
    <None Include="include\tex\pixel_access_norm.inl">
      <Filter>Header Files\operations\block/pixel access</Filter>
    </None>
    <None Include="include\tex\visit_texture.inl">
      <Filter>Header Files\operations\visitation</Filter>
    </None>
    <None Include="include\tex\visit_image.inl">
      <Filter>Header Files\operations\visitation</Filter>
    </None>
    <None Include="meta\tex\texture_file_format.lua">
      <Filter>Meta-Source Files</Filter>
    </None>
    <None Include="meta\tex\texture_file_error.lua">
      <Filter>Meta-Source Files</Filter>
    </None>
    <None Include="meta\tex\texture_file_error.tsv">
      <Filter>Meta-Source Files</Filter>
    </None>
    <None Include="meta\tex\betx_read_error.lua">
      <Filter>Meta-Source Files</Filter>
    </None>
    <None Include="meta\tex\betx_read_error.tsv">
      <Filter>Meta-Source Files</Filter>
    </None>
    <None Include="include\tex\coords.inl">
      <Filter>Header Files\operations\block/pixel access</Filter>
    </None>
  </ItemGroup>
</Project>