<?xml version="1.0" encoding="utf-8"?>
<Project ToolsVersion="4.0" xmlns="http://schemas.microsoft.com/developer/msbuild/2003">
  <ItemGroup>
    <Filter Include="Source Files">
      <UniqueIdentifier>{4FC737F1-C7A5-4376-A066-2A32D752A2FF}</UniqueIdentifier>
      <Extensions>cpp;c;cc;cxx;def;odl;idl;hpj;bat;asm;asmx</Extensions>
    </Filter>
    <Filter Include="Header Files">
      <UniqueIdentifier>{93995380-89BD-4b04-88EB-625FBE52EBFB}</UniqueIdentifier>
      <Extensions>h;hh;hpp;hxx;hm;inl;inc;xsd</Extensions>
    </Filter>
    <Filter Include="Meta-Source Files">
      <UniqueIdentifier>{810e6e8f-7a80-4074-ad5b-e4a2f615dcb1}</UniqueIdentifier>
    </Filter>
    <Filter Include="Header Files\old">
      <UniqueIdentifier>{ef5bee63-1540-42bb-822c-12cfb582a47d}</UniqueIdentifier>
    </Filter>
    <Filter Include="Header Files\old\filters">
      <UniqueIdentifier>{caa6db15-381c-47fc-a33d-4482facfb440}</UniqueIdentifier>
    </Filter>
    <Filter Include="Header Files\old\wraps">
      <UniqueIdentifier>{d35088d5-0db2-400f-9331-1bdec30d1be0}</UniqueIdentifier>
    </Filter>
    <Filter Include="Source Files\old">
      <UniqueIdentifier>{3a31d7a6-f65f-4202-8517-0ce474f07f72}</UniqueIdentifier>
    </Filter>
    <Filter Include="Meta-Source Files\old">
      <UniqueIdentifier>{6b05565d-fe52-4bd6-8691-75cba9ff9f2c}</UniqueIdentifier>
    </Filter>
  </ItemGroup>
  <ItemGroup>
    <ClInclude Include="src\pch.hpp">
      <Filter>Source Files</Filter>
    </ClInclude>
    <ClInclude Include="include\cubic_filter.hpp">
      <Filter>Header Files\old\filters</Filter>
    </ClInclude>
    <ClInclude Include="include\filter_traits.hpp">
      <Filter>Header Files\old\filters</Filter>
    </ClInclude>
    <ClInclude Include="include\gaussian_filter.hpp">
      <Filter>Header Files\old\filters</Filter>
    </ClInclude>
    <ClInclude Include="include\memoized_filter.hpp">
      <Filter>Header Files\old\filters</Filter>
    </ClInclude>
    <ClInclude Include="include\linear_filter.hpp">
      <Filter>Header Files\old\filters</Filter>
    </ClInclude>
    <ClInclude Include="include\ignore_wrap.hpp">
      <Filter>Header Files\old\wraps</Filter>
    </ClInclude>
    <ClInclude Include="include\step_filter.hpp">
      <Filter>Header Files\old\filters</Filter>
    </ClInclude>
    <ClInclude Include="include\fwd_types.hpp">
      <Filter>Header Files\old</Filter>
    </ClInclude>
    <ClInclude Include="include\apply.hpp">
      <Filter>Header Files\old</Filter>
    </ClInclude>
    <ClInclude Include="include\fixed_size_median_kernel.hpp">
      <Filter>Header Files\old</Filter>
    </ClInclude>
    <ClInclude Include="include\write_image.hpp">
      <Filter>Header Files\old</Filter>
    </ClInclude>
    <ClInclude Include="include\read_image.hpp">
      <Filter>Header Files\old</Filter>
    </ClInclude>
    <ClInclude Include="include\resize_image.hpp">
      <Filter>Header Files\old</Filter>
    </ClInclude>
    <ClInclude Include="include\stbiw_detail.h">
      <Filter>Header Files\old</Filter>
    </ClInclude>
    <ClInclude Include="include\uniform_resample.hpp">
      <Filter>Header Files\old</Filter>
    </ClInclude>
    <ClInclude Include="include\variable_size_median_kernel.hpp">
      <Filter>Header Files\old</Filter>
    </ClInclude>
    <ClInclude Include="include\version.hpp">
      <Filter>Header Files</Filter>
    </ClInclude>
    <ClInclude Include="include\bgl.hpp">
      <Filter>Header Files</Filter>
    </ClInclude>
  </ItemGroup>
  <ItemGroup>
    <ClCompile Include="src\pch.cpp">
      <Filter>Source Files</Filter>
    </ClCompile>
    <ClCompile Include="src\write_image.cpp">
      <Filter>Source Files\old</Filter>
    </ClCompile>
    <ClCompile Include="src\read_image.cpp">
      <Filter>Source Files\old</Filter>
    </ClCompile>
    <ClCompile Include="src\resize_image.cpp">
      <Filter>Source Files\old</Filter>
    </ClCompile>
    <ClCompile Include="src\stbiw_detail.c">
      <Filter>Source Files\old</Filter>
    </ClCompile>
    <ClCompile Include="src\bgl.cpp">
      <Filter>Source Files</Filter>
    </ClCompile>
  </ItemGroup>
  <ItemGroup>
    <None Include="include\apply.inl">
      <Filter>Header Files\old</Filter>
    </None>
    <None Include="include\fixed_size_median_kernel.inl">
      <Filter>Header Files\old</Filter>
    </None>
    <None Include="include\uniform_resample.inl">
      <Filter>Header Files\old</Filter>
    </None>
    <None Include="include\variable_size_median_kernel.inl">
      <Filter>Header Files\old</Filter>
    </None>
    <None Include="meta\write_x_image.blt">
      <Filter>Meta-Source Files\old</Filter>
    </None>
    <None Include="meta\read_x_image.blt">
      <Filter>Meta-Source Files\old</Filter>
    </None>
    <None Include="meta\read_image.blt">
      <Filter>Meta-Source Files\old</Filter>
    </None>
    <None Include="meta\read_stbi_image_impl.blt">
      <Filter>Meta-Source Files\old</Filter>
    </None>
  </ItemGroup>
</Project>
