<?xml version="1.0" encoding="utf-8"?>
<Project ToolsVersion="4.0" xmlns="http://schemas.microsoft.com/developer/msbuild/2003">
  <ItemGroup>
    <Filter Include="Source Files">
      <UniqueIdentifier>{4FC737F1-C7A5-4376-A066-2A32D752A2FF}</UniqueIdentifier>
      <Extensions>cpp;c;cc;cxx;def;odl;idl;hpj;bat;asm;asmx</Extensions>
    </Filter>
    <Filter Include="Header Files">
      <UniqueIdentifier>{93995380-89BD-4b04-88EB-625FBE52EBFB}</UniqueIdentifier>
      <Extensions>h;hh;hpp;hxx;hm;inl;inc;xsd</Extensions>
    </Filter>
    <Filter Include="Meta-Source Files">
      <UniqueIdentifier>{810e6e8f-7a80-4074-ad5b-e4a2f615dcb1}</UniqueIdentifier>
    </Filter>
  </ItemGroup>
  <ItemGroup>
    <ClInclude Include="include\pch.hpp">
      <Filter>Header Files</Filter>
    </ClInclude>
    <ClInclude Include="include\stbiw_detail.h">
      <Filter>Header Files</Filter>
    </ClInclude>
    <ClInclude Include="include\stbi_detail.h">
      <Filter>Header Files</Filter>
    </ClInclude>
    <ClInclude Include="include\stbir_detail.h">
      <Filter>Header Files</Filter>
    </ClInclude>
    <ClInclude Include="include\read_image.hpp">
      <Filter>Header Files</Filter>
    </ClInclude>
    <ClInclude Include="include\resize_image.hpp">
      <Filter>Header Files</Filter>
    </ClInclude>
    <ClInclude Include="include\write_image.hpp">
      <Filter>Header Files</Filter>
    </ClInclude>
    <ClInclude Include="fwd_types.hpp">
      <Filter>Header Files</Filter>
    </ClInclude>
    <ClInclude Include="include\stbi_util_detail.hpp">
      <Filter>Header Files</Filter>
    </ClInclude>
    <ClInclude Include="include\texi_autolink.hpp">
      <Filter>Header Files</Filter>
    </ClInclude>
    <ClInclude Include="include\fixed_size_median_kernel.hpp">
      <Filter>Header Files</Filter>
    </ClInclude>
    <ClInclude Include="include\variable_size_median_kernel.hpp">
      <Filter>Header Files</Filter>
    </ClInclude>
  </ItemGroup>
  <ItemGroup>
    <ClCompile Include="src\pch.cpp">
      <Filter>Source Files</Filter>
    </ClCompile>
    <ClCompile Include="src\stbir_detail.c">
      <Filter>Source Files</Filter>
    </ClCompile>
    <ClCompile Include="src\stbi_detail.c">
      <Filter>Source Files</Filter>
    </ClCompile>
    <ClCompile Include="src\stbiw_detail.c">
      <Filter>Source Files</Filter>
    </ClCompile>
    <ClCompile Include="src\read_image.cpp">
      <Filter>Source Files</Filter>
    </ClCompile>
    <ClCompile Include="src\resize_image.cpp">
      <Filter>Source Files</Filter>
    </ClCompile>
    <ClCompile Include="src\write_image.cpp">
      <Filter>Source Files</Filter>
    </ClCompile>
    <ClCompile Include="src\stbi_util_detail.cpp">
      <Filter>Source Files</Filter>
    </ClCompile>
    <ClCompile Include="src\variable_size_median_kernel.cpp">
      <Filter>Source Files</Filter>
    </ClCompile>
    <ClCompile Include="src\fixed_size_median_kernel.cpp">
      <Filter>Source Files</Filter>
    </ClCompile>
  </ItemGroup>
  <ItemGroup>
    <None Include="meta\read_image.blt">
      <Filter>Meta-Source Files</Filter>
    </None>
    <None Include="meta\read_x_image.blt">
      <Filter>Meta-Source Files</Filter>
    </None>
    <None Include="meta\read_stbi_image_impl.blt">
      <Filter>Meta-Source Files</Filter>
    </None>
    <None Include="meta\write_x_image.blt">
      <Filter>Meta-Source Files</Filter>
    </None>
  </ItemGroup>
</Project>